
Microsoft Visual Studio Solution File, Format Version 12.00
# Visual Studio Version 17
VisualStudioVersion = 17.11.35219.272
MinimumVisualStudioVersion = 10.0.40219.1
Project("{FAE04EC0-301F-11D3-BF4B-00C04F79EFBC}") = "ServerMenager", "ServerMenager\ServerMenager.csproj", "{A5AEBF93-F5A3-4BC2-AD0A-289534A91253}"
EndProject
Project("{FAE04EC0-301F-11D3-BF4B-00C04F79EFBC}") = "Multithreading", "Multithreading\Multithreading.csproj", "{0A9F897E-73E4-4C58-975D-94AB6418F8C0}"
EndProject
Global
	GlobalSection(SolutionConfigurationPlatforms) = preSolution
		Debug|Any CPU = Debug|Any CPU
		Release|Any CPU = Release|Any CPU
	EndGlobalSection
	GlobalSection(ProjectConfigurationPlatforms) = postSolution
		{A5AEBF93-F5A3-4BC2-AD0A-289534A91253}.Debug|Any CPU.ActiveCfg = Debug|Any CPU
		{A5AEBF93-F5A3-4BC2-AD0A-289534A91253}.Debug|Any CPU.Build.0 = Debug|Any CPU
		{A5AEBF93-F5A3-4BC2-AD0A-289534A91253}.Release|Any CPU.ActiveCfg = Release|Any CPU
		{A5AEBF93-F5A3-4BC2-AD0A-289534A91253}.Release|Any CPU.Build.0 = Release|Any CPU
		{0A9F897E-73E4-4C58-975D-94AB6418F8C0}.Debug|Any CPU.ActiveCfg = Debug|Any CPU
		{0A9F897E-73E4-4C58-975D-94AB6418F8C0}.Debug|Any CPU.Build.0 = Debug|Any CPU
		{0A9F897E-73E4-4C58-975D-94AB6418F8C0}.Release|Any CPU.ActiveCfg = Release|Any CPU
		{0A9F897E-73E4-4C58-975D-94AB6418F8C0}.Release|Any CPU.Build.0 = Release|Any CPU
	EndGlobalSection
	GlobalSection(SolutionProperties) = preSolution
		HideSolutionNode = FALSE
	EndGlobalSection
	GlobalSection(ExtensibilityGlobals) = postSolution
		SolutionGuid = {1643B4DF-1C76-4C6D-9C2F-F7F16CFD1E7E}
	EndGlobalSection
EndGlobal
